{
  "name": "requirepin",
  "version": "1.0.0",
  "lockfileVersion": 2,
  "requires": true,
  "packages": {
    "": {
      "name": "requirepin",
      "version": "1.0.0",
      "license": "ISC",
      "dependencies": {
        "snyk-php-plugin": "^1.9.4"
      }
    },
    "node_modules/@snyk/cli-interface": {
      "version": "2.11.3",
      "resolved": "https://registry.npmjs.org/@snyk/cli-interface/-/cli-interface-2.11.3.tgz",
      "integrity": "sha512-VQa8nKGQj+gJnRWXzOd5wzinXEjvA/Yna6I34lV2hiTRKA/quttWyzr6AH9KhSovd/4SflUYbu6EKuattrAEMw==",
      "dependencies": {
        "@types/graphlib": "^2"
      },
      "peerDependencies": {
        "@snyk/dep-graph": "^1"
      }
    },
    "node_modules/@snyk/composer-lockfile-parser": {
      "version": "1.4.1",
      "resolved": "https://registry.npmjs.org/@snyk/composer-lockfile-parser/-/composer-lockfile-parser-1.4.1.tgz",
      "integrity": "sha512-wNANv235j95NFsQuODIXCiQZ9kcyg9fz92Kg1zoGvaP3kN/ma7fgCnvQL/dyml6iouQJR5aZovjhrrfEFoKtiQ==",
      "dependencies": {
        "lodash.findkey": "^4.6.0",
        "lodash.get": "^4.4.2",
        "lodash.invert": "^4.3.0",
        "lodash.isempty": "^4.4.0"
      },
      "engines": {
        "node": ">=6"
      }
    },
    "node_modules/@snyk/dep-graph": {
      "version": "1.31.0",
      "resolved": "https://registry.npmjs.org/@snyk/dep-graph/-/dep-graph-1.31.0.tgz",
      "integrity": "sha512-nGSua40dcI/ISDDW46EYSjwVZxdWohb4bDlHFYtudL5bxo0PV9wFA1QeZewKQVeHLVaGkrESXdqQubP0pFf4vA==",
      "dependencies": {
        "event-loop-spinner": "^2.1.0",
        "lodash.clone": "^4.5.0",
        "lodash.constant": "^3.0.0",
        "lodash.filter": "^4.6.0",
        "lodash.foreach": "^4.5.0",
        "lodash.isempty": "^4.4.0",
        "lodash.isequal": "^4.5.0",
        "lodash.isfunction": "^3.0.9",
        "lodash.isundefined": "^3.0.1",
        "lodash.keys": "^4.2.0",
        "lodash.map": "^4.6.0",
        "lodash.reduce": "^4.6.0",
        "lodash.size": "^4.2.0",
        "lodash.transform": "^4.6.0",
        "lodash.union": "^4.6.0",
        "lodash.values": "^4.3.0",
        "object-hash": "^2.0.3",
        "semver": "^7.0.0",
        "tslib": "^1.13.0"
      },
      "engines": {
        "node": ">=8"
      }
    },
    "node_modules/@types/graphlib": {
      "version": "2.1.8",
      "resolved": "https://registry.npmjs.org/@types/graphlib/-/graphlib-2.1.8.tgz",
      "integrity": "sha512-8nbbyD3zABRA9ePoBgAl2ym8cIwKQXTfv1gaIRTdY99yEOCaHfmjBeRp+BIemS8NtOqoWK7mfzWxjNrxLK3T5w=="
    },
    "node_modules/event-loop-spinner": {
      "version": "2.2.0",
      "resolved": "https://registry.npmjs.org/event-loop-spinner/-/event-loop-spinner-2.2.0.tgz",
      "integrity": "sha512-KB44sV4Mv7uLIkJHJ5qhiZe5um6th2g57nHQL/uqnPHKP2IswoTRWUteEXTJQL4gW++1zqWUni+H2hGkP51c9w==",
      "dependencies": {
        "tslib": "^2.1.0"
      }
    },
    "node_modules/event-loop-spinner/node_modules/tslib": {
      "version": "2.5.0",
      "resolved": "https://registry.npmjs.org/tslib/-/tslib-2.5.0.tgz",
      "integrity": "sha512-336iVw3rtn2BUK7ORdIAHTyxHGRIHVReokCR3XjbckJMK7ms8FysBfhLR8IXnAgy7T0PTPNBWKiH514FOW/WSg=="
    },
    "node_modules/lodash.clone": {
      "version": "4.5.0",
      "resolved": "https://registry.npmjs.org/lodash.clone/-/lodash.clone-4.5.0.tgz",
      "integrity": "sha512-GhrVeweiTD6uTmmn5hV/lzgCQhccwReIVRLHp7LT4SopOjqEZ5BbX8b5WWEtAKasjmy8hR7ZPwsYlxRCku5odg=="
    },
    "node_modules/lodash.constant": {
      "version": "3.0.0",
      "resolved": "https://registry.npmjs.org/lodash.constant/-/lodash.constant-3.0.0.tgz",
      "integrity": "sha512-X5XMrB+SdI1mFa81162NSTo/YNd23SLdLOLzcXTwS4inDZ5YCL8X67UFzZJAH4CqIa6R8cr56CShfA5K5MFiYQ=="
    },
    "node_modules/lodash.filter": {
      "version": "4.6.0",
      "resolved": "https://registry.npmjs.org/lodash.filter/-/lodash.filter-4.6.0.tgz",
      "integrity": "sha512-pXYUy7PR8BCLwX5mgJ/aNtyOvuJTdZAo9EQFUvMIYugqmJxnrYaANvTbgndOzHSCSR0wnlBBfRXJL5SbWxo3FQ=="
    },
    "node_modules/lodash.findkey": {
      "version": "4.6.0",
      "resolved": "https://registry.npmjs.org/lodash.findkey/-/lodash.findkey-4.6.0.tgz",
      "integrity": "sha512-Y+f2R8KsUDJVqdfeai01P5A1IQeMWsMG1p0rghzdhIl7TIap47Y2Z5UJK8x4pstixNL56KVHFRE1IW9jvRwy4g=="
    },
    "node_modules/lodash.foreach": {
      "version": "4.5.0",
      "resolved": "https://registry.npmjs.org/lodash.foreach/-/lodash.foreach-4.5.0.tgz",
      "integrity": "sha512-aEXTF4d+m05rVOAUG3z4vZZ4xVexLKZGF0lIxuHZ1Hplpk/3B6Z1+/ICICYRLm7c41Z2xiejbkCkJoTlypoXhQ=="
    },
    "node_modules/lodash.get": {
      "version": "4.4.2",
      "resolved": "https://registry.npmjs.org/lodash.get/-/lodash.get-4.4.2.tgz",
      "integrity": "sha512-z+Uw/vLuy6gQe8cfaFWD7p0wVv8fJl3mbzXh33RS+0oW2wvUqiRXiQ69gLWSLpgB5/6sU+r6BlQR0MBILadqTQ=="
    },
    "node_modules/lodash.invert": {
      "version": "4.3.0",
      "resolved": "https://registry.npmjs.org/lodash.invert/-/lodash.invert-4.3.0.tgz",
      "integrity": "sha512-3CJmOxN5y47rd+g5XjdZNcq2SorJkvlSqBwPomT094p6LZ4p7b5bUoRzYYMjwsTGWTW77z/dFZlCzeVQxBrZVg=="
    },
    "node_modules/lodash.isempty": {
      "version": "4.4.0",
      "resolved": "https://registry.npmjs.org/lodash.isempty/-/lodash.isempty-4.4.0.tgz",
      "integrity": "sha512-oKMuF3xEeqDltrGMfDxAPGIVMSSRv8tbRSODbrs4KGsRRLEhrW8N8Rd4DRgB2+621hY8A8XwwrTVhXWpxFvMzg=="
    },
    "node_modules/lodash.isequal": {
      "version": "4.5.0",
      "resolved": "https://registry.npmjs.org/lodash.isequal/-/lodash.isequal-4.5.0.tgz",
      "integrity": "sha512-pDo3lu8Jhfjqls6GkMgpahsF9kCyayhgykjyLMNFTKWrpVdAQtYyB4muAMWozBB4ig/dtWAmsMxLEI8wuz+DYQ=="
    },
    "node_modules/lodash.isfunction": {
      "version": "3.0.9",
      "resolved": "https://registry.npmjs.org/lodash.isfunction/-/lodash.isfunction-3.0.9.tgz",
      "integrity": "sha512-AirXNj15uRIMMPihnkInB4i3NHeb4iBtNg9WRWuK2o31S+ePwwNmDPaTL3o7dTJ+VXNZim7rFs4rxN4YU1oUJw=="
    },
    "node_modules/lodash.isundefined": {
      "version": "3.0.1",
      "resolved": "https://registry.npmjs.org/lodash.isundefined/-/lodash.isundefined-3.0.1.tgz",
      "integrity": "sha512-MXB1is3s899/cD8jheYYE2V9qTHwKvt+npCwpD+1Sxm3Q3cECXCiYHjeHWXNwr6Q0SOBPrYUDxendrO6goVTEA=="
    },
    "node_modules/lodash.keys": {
      "version": "4.2.0",
      "resolved": "https://registry.npmjs.org/lodash.keys/-/lodash.keys-4.2.0.tgz",
      "integrity": "sha512-J79MkJcp7Df5mizHiVNpjoHXLi4HLjh9VLS/M7lQSGoQ+0oQ+lWEigREkqKyizPB1IawvQLLKY8mzEcm1tkyxQ=="
    },
    "node_modules/lodash.map": {
      "version": "4.6.0",
      "resolved": "https://registry.npmjs.org/lodash.map/-/lodash.map-4.6.0.tgz",
      "integrity": "sha512-worNHGKLDetmcEYDvh2stPCrrQRkP20E4l0iIS7F8EvzMqBBi7ltvFN5m1HvTf1P7Jk1txKhvFcmYsCr8O2F1Q=="
    },
    "node_modules/lodash.reduce": {
      "version": "4.6.0",
      "resolved": "https://registry.npmjs.org/lodash.reduce/-/lodash.reduce-4.6.0.tgz",
      "integrity": "sha512-6raRe2vxCYBhpBu+B+TtNGUzah+hQjVdu3E17wfusjyrXBka2nBS8OH/gjVZ5PvHOhWmIZTYri09Z6n/QfnNMw=="
    },
    "node_modules/lodash.size": {
      "version": "4.2.0",
      "resolved": "https://registry.npmjs.org/lodash.size/-/lodash.size-4.2.0.tgz",
      "integrity": "sha512-wbu3SF1XC5ijqm0piNxw59yCbuUf2kaShumYBLWUrcCvwh6C8odz6SY/wGVzCWTQTFL/1Ygbvqg2eLtspUVVAQ=="
    },
    "node_modules/lodash.transform": {
      "version": "4.6.0",
      "resolved": "https://registry.npmjs.org/lodash.transform/-/lodash.transform-4.6.0.tgz",
      "integrity": "sha512-LO37ZnhmBVx0GvOU/caQuipEh4GN82TcWv3yHlebGDgOxbxiwwzW5Pcx2AcvpIv2WmvmSMoC492yQFNhy/l/UQ=="
    },
    "node_modules/lodash.union": {
      "version": "4.6.0",
      "resolved": "https://registry.npmjs.org/lodash.union/-/lodash.union-4.6.0.tgz",
      "integrity": "sha512-c4pB2CdGrGdjMKYLA+XiRDO7Y0PRQbm/Gzg8qMj+QH+pFVAoTp5sBpO0odL3FjoPCGjK96p6qsP+yQoiLoOBcw=="
    },
    "node_modules/lodash.values": {
      "version": "4.3.0",
      "resolved": "https://registry.npmjs.org/lodash.values/-/lodash.values-4.3.0.tgz",
      "integrity": "sha512-r0RwvdCv8id9TUblb/O7rYPwVy6lerCbcawrfdo9iC/1t1wsNMJknO79WNBgwkH0hIeJ08jmvvESbFpNb4jH0Q=="
    },
    "node_modules/lru-cache": {
      "version": "6.0.0",
      "resolved": "https://registry.npmjs.org/lru-cache/-/lru-cache-6.0.0.tgz",
      "integrity": "sha512-Jo6dJ04CmSjuznwJSS3pUeWmd/H0ffTlkXXgwZi+eq1UCmqQwCh+eLsYOYCwY991i2Fah4h1BEMCx4qThGbsiA==",
      "dependencies": {
        "yallist": "^4.0.0"
      },
      "engines": {
        "node": ">=10"
      }
    },
    "node_modules/object-hash": {
      "version": "2.2.0",
      "resolved": "https://registry.npmjs.org/object-hash/-/object-hash-2.2.0.tgz",
      "integrity": "sha512-gScRMn0bS5fH+IuwyIFgnh9zBdo4DV+6GhygmWM9HyNJSgS0hScp1f5vjtm7oIIOiT9trXrShAkLFSc2IqKNgw==",
      "engines": {
        "node": ">= 6"
      }
    },
    "node_modules/semver": {
      "version": "7.3.8",
      "resolved": "https://registry.npmjs.org/semver/-/semver-7.3.8.tgz",
      "integrity": "sha512-NB1ctGL5rlHrPJtFDVIVzTyQylMLu9N9VICA6HSFJo8MCGVTMW6gfpicwKmmK/dAjTOrqu5l63JJOpDSrAis3A==",
      "dependencies": {
        "lru-cache": "^6.0.0"
      },
      "bin": {
        "semver": "bin/semver.js"
      },
      "engines": {
        "node": ">=10"
      }
    },
    "node_modules/snyk-php-plugin": {
      "version": "1.9.4",
      "resolved": "https://registry.npmjs.org/snyk-php-plugin/-/snyk-php-plugin-1.9.4.tgz",
      "integrity": "sha512-kKXJ1tdX4TTCxP3srDu90xHocv07cSkhZ1TbnxnvMb5C6CWx1w/Cf/ORVVt4ELJop3w7+zqoW3rMDSBLNL13Ww==",
      "dependencies": {
        "@snyk/cli-interface": "^2.9.1",
        "@snyk/composer-lockfile-parser": "^1.4.1",
        "@snyk/dep-graph": "^1.22.0",
        "tslib": "1.14.1"
      },
      "engines": {
        "node": ">=8"
      }
    },
    "node_modules/tslib": {
      "version": "1.14.1",
      "resolved": "https://registry.npmjs.org/tslib/-/tslib-1.14.1.tgz",
      "integrity": "sha512-Xni35NKzjgMrwevysHTCArtLDpPvye8zV/0E4EyYn43P7/7qvQwPh9BGkHewbMulVntbigmcT7rdX3BNo9wRJg=="
    },
    "node_modules/yallist": {
      "version": "4.0.0",
      "resolved": "https://registry.npmjs.org/yallist/-/yallist-4.0.0.tgz",
      "integrity": "sha512-3wdGidZyq5PB084XLES5TpOSRA3wjXAlIWMhum2kRcv/41Sn2emQ0dycQW4uZXLejwKvg6EsvbdlVL+FYEct7A=="
    }
  },
  "dependencies": {
    "@snyk/cli-interface": {
      "version": "2.11.3",
      "resolved": "https://registry.npmjs.org/@snyk/cli-interface/-/cli-interface-2.11.3.tgz",
      "integrity": "sha512-VQa8nKGQj+gJnRWXzOd5wzinXEjvA/Yna6I34lV2hiTRKA/quttWyzr6AH9KhSovd/4SflUYbu6EKuattrAEMw==",
      "requires": {
        "@types/graphlib": "^2"
      }
    },
    "@snyk/composer-lockfile-parser": {
      "version": "1.4.1",
      "resolved": "https://registry.npmjs.org/@snyk/composer-lockfile-parser/-/composer-lockfile-parser-1.4.1.tgz",
      "integrity": "sha512-wNANv235j95NFsQuODIXCiQZ9kcyg9fz92Kg1zoGvaP3kN/ma7fgCnvQL/dyml6iouQJR5aZovjhrrfEFoKtiQ==",
      "requires": {
        "lodash.findkey": "^4.6.0",
        "lodash.get": "^4.4.2",
        "lodash.invert": "^4.3.0",
        "lodash.isempty": "^4.4.0"
      }
    },
    "@snyk/dep-graph": {
      "version": "1.31.0",
      "resolved": "https://registry.npmjs.org/@snyk/dep-graph/-/dep-graph-1.31.0.tgz",
      "integrity": "sha512-nGSua40dcI/ISDDW46EYSjwVZxdWohb4bDlHFYtudL5bxo0PV9wFA1QeZewKQVeHLVaGkrESXdqQubP0pFf4vA==",
      "requires": {
        "event-loop-spinner": "^2.1.0",
        "lodash.clone": "^4.5.0",
        "lodash.constant": "^3.0.0",
        "lodash.filter": "^4.6.0",
        "lodash.foreach": "^4.5.0",
        "lodash.isempty": "^4.4.0",
        "lodash.isequal": "^4.5.0",
        "lodash.isfunction": "^3.0.9",
        "lodash.isundefined": "^3.0.1",
        "lodash.keys": "^4.2.0",
        "lodash.map": "^4.6.0",
        "lodash.reduce": "^4.6.0",
        "lodash.size": "^4.2.0",
        "lodash.transform": "^4.6.0",
        "lodash.union": "^4.6.0",
        "lodash.values": "^4.3.0",
        "object-hash": "^2.0.3",
        "semver": "^7.0.0",
        "tslib": "^1.13.0"
      }
    },
    "@types/graphlib": {
      "version": "2.1.8",
      "resolved": "https://registry.npmjs.org/@types/graphlib/-/graphlib-2.1.8.tgz",
      "integrity": "sha512-8nbbyD3zABRA9ePoBgAl2ym8cIwKQXTfv1gaIRTdY99yEOCaHfmjBeRp+BIemS8NtOqoWK7mfzWxjNrxLK3T5w=="
    },
    "event-loop-spinner": {
      "version": "2.2.0",
      "resolved": "https://registry.npmjs.org/event-loop-spinner/-/event-loop-spinner-2.2.0.tgz",
      "integrity": "sha512-KB44sV4Mv7uLIkJHJ5qhiZe5um6th2g57nHQL/uqnPHKP2IswoTRWUteEXTJQL4gW++1zqWUni+H2hGkP51c9w==",
      "requires": {
        "tslib": "^2.1.0"
      },
      "dependencies": {
        "tslib": {
          "version": "2.5.0",
          "resolved": "https://registry.npmjs.org/tslib/-/tslib-2.5.0.tgz",
          "integrity": "sha512-336iVw3rtn2BUK7ORdIAHTyxHGRIHVReokCR3XjbckJMK7ms8FysBfhLR8IXnAgy7T0PTPNBWKiH514FOW/WSg=="
        }
      }
    },
    "lodash.clone": {
      "version": "4.5.0",
      "resolved": "https://registry.npmjs.org/lodash.clone/-/lodash.clone-4.5.0.tgz",
      "integrity": "sha512-GhrVeweiTD6uTmmn5hV/lzgCQhccwReIVRLHp7LT4SopOjqEZ5BbX8b5WWEtAKasjmy8hR7ZPwsYlxRCku5odg=="
    },
    "lodash.constant": {
      "version": "3.0.0",
      "resolved": "https://registry.npmjs.org/lodash.constant/-/lodash.constant-3.0.0.tgz",
      "integrity": "sha512-X5XMrB+SdI1mFa81162NSTo/YNd23SLdLOLzcXTwS4inDZ5YCL8X67UFzZJAH4CqIa6R8cr56CShfA5K5MFiYQ=="
    },
    "lodash.filter": {
      "version": "4.6.0",
      "resolved": "https://registry.npmjs.org/lodash.filter/-/lodash.filter-4.6.0.tgz",
      "integrity": "sha512-pXYUy7PR8BCLwX5mgJ/aNtyOvuJTdZAo9EQFUvMIYugqmJxnrYaANvTbgndOzHSCSR0wnlBBfRXJL5SbWxo3FQ=="
    },
    "lodash.findkey": {
      "version": "4.6.0",
      "resolved": "https://registry.npmjs.org/lodash.findkey/-/lodash.findkey-4.6.0.tgz",
      "integrity": "sha512-Y+f2R8KsUDJVqdfeai01P5A1IQeMWsMG1p0rghzdhIl7TIap47Y2Z5UJK8x4pstixNL56KVHFRE1IW9jvRwy4g=="
    },
    "lodash.foreach": {
      "version": "4.5.0",
      "resolved": "https://registry.npmjs.org/lodash.foreach/-/lodash.foreach-4.5.0.tgz",
      "integrity": "sha512-aEXTF4d+m05rVOAUG3z4vZZ4xVexLKZGF0lIxuHZ1Hplpk/3B6Z1+/ICICYRLm7c41Z2xiejbkCkJoTlypoXhQ=="
    },
    "lodash.get": {
      "version": "4.4.2",
      "resolved": "https://registry.npmjs.org/lodash.get/-/lodash.get-4.4.2.tgz",
      "integrity": "sha512-z+Uw/vLuy6gQe8cfaFWD7p0wVv8fJl3mbzXh33RS+0oW2wvUqiRXiQ69gLWSLpgB5/6sU+r6BlQR0MBILadqTQ=="
    },
    "lodash.invert": {
      "version": "4.3.0",
      "resolved": "https://registry.npmjs.org/lodash.invert/-/lodash.invert-4.3.0.tgz",
      "integrity": "sha512-3CJmOxN5y47rd+g5XjdZNcq2SorJkvlSqBwPomT094p6LZ4p7b5bUoRzYYMjwsTGWTW77z/dFZlCzeVQxBrZVg=="
    },
    "lodash.isempty": {
      "version": "4.4.0",
      "resolved": "https://registry.npmjs.org/lodash.isempty/-/lodash.isempty-4.4.0.tgz",
      "integrity": "sha512-oKMuF3xEeqDltrGMfDxAPGIVMSSRv8tbRSODbrs4KGsRRLEhrW8N8Rd4DRgB2+621hY8A8XwwrTVhXWpxFvMzg=="
    },
    "lodash.isequal": {
      "version": "4.5.0",
      "resolved": "https://registry.npmjs.org/lodash.isequal/-/lodash.isequal-4.5.0.tgz",
      "integrity": "sha512-pDo3lu8Jhfjqls6GkMgpahsF9kCyayhgykjyLMNFTKWrpVdAQtYyB4muAMWozBB4ig/dtWAmsMxLEI8wuz+DYQ=="
    },
    "lodash.isfunction": {
      "version": "3.0.9",
      "resolved": "https://registry.npmjs.org/lodash.isfunction/-/lodash.isfunction-3.0.9.tgz",
      "integrity": "sha512-AirXNj15uRIMMPihnkInB4i3NHeb4iBtNg9WRWuK2o31S+ePwwNmDPaTL3o7dTJ+VXNZim7rFs4rxN4YU1oUJw=="
    },
    "lodash.isundefined": {
      "version": "3.0.1",
      "resolved": "https://registry.npmjs.org/lodash.isundefined/-/lodash.isundefined-3.0.1.tgz",
      "integrity": "sha512-MXB1is3s899/cD8jheYYE2V9qTHwKvt+npCwpD+1Sxm3Q3cECXCiYHjeHWXNwr6Q0SOBPrYUDxendrO6goVTEA=="
    },
    "lodash.keys": {
      "version": "4.2.0",
      "resolved": "https://registry.npmjs.org/lodash.keys/-/lodash.keys-4.2.0.tgz",
      "integrity": "sha512-J79MkJcp7Df5mizHiVNpjoHXLi4HLjh9VLS/M7lQSGoQ+0oQ+lWEigREkqKyizPB1IawvQLLKY8mzEcm1tkyxQ=="
    },
    "lodash.map": {
      "version": "4.6.0",
      "resolved": "https://registry.npmjs.org/lodash.map/-/lodash.map-4.6.0.tgz",
      "integrity": "sha512-worNHGKLDetmcEYDvh2stPCrrQRkP20E4l0iIS7F8EvzMqBBi7ltvFN5m1HvTf1P7Jk1txKhvFcmYsCr8O2F1Q=="
    },
    "lodash.reduce": {
      "version": "4.6.0",
      "resolved": "https://registry.npmjs.org/lodash.reduce/-/lodash.reduce-4.6.0.tgz",
      "integrity": "sha512-6raRe2vxCYBhpBu+B+TtNGUzah+hQjVdu3E17wfusjyrXBka2nBS8OH/gjVZ5PvHOhWmIZTYri09Z6n/QfnNMw=="
    },
    "lodash.size": {
      "version": "4.2.0",
      "resolved": "https://registry.npmjs.org/lodash.size/-/lodash.size-4.2.0.tgz",
      "integrity": "sha512-wbu3SF1XC5ijqm0piNxw59yCbuUf2kaShumYBLWUrcCvwh6C8odz6SY/wGVzCWTQTFL/1Ygbvqg2eLtspUVVAQ=="
    },
    "lodash.transform": {
      "version": "4.6.0",
      "resolved": "https://registry.npmjs.org/lodash.transform/-/lodash.transform-4.6.0.tgz",
      "integrity": "sha512-LO37ZnhmBVx0GvOU/caQuipEh4GN82TcWv3yHlebGDgOxbxiwwzW5Pcx2AcvpIv2WmvmSMoC492yQFNhy/l/UQ=="
    },
    "lodash.union": {
      "version": "4.6.0",
      "resolved": "https://registry.npmjs.org/lodash.union/-/lodash.union-4.6.0.tgz",
      "integrity": "sha512-c4pB2CdGrGdjMKYLA+XiRDO7Y0PRQbm/Gzg8qMj+QH+pFVAoTp5sBpO0odL3FjoPCGjK96p6qsP+yQoiLoOBcw=="
    },
    "lodash.values": {
      "version": "4.3.0",
      "resolved": "https://registry.npmjs.org/lodash.values/-/lodash.values-4.3.0.tgz",
      "integrity": "sha512-r0RwvdCv8id9TUblb/O7rYPwVy6lerCbcawrfdo9iC/1t1wsNMJknO79WNBgwkH0hIeJ08jmvvESbFpNb4jH0Q=="
    },
    "lru-cache": {
      "version": "6.0.0",
      "resolved": "https://registry.npmjs.org/lru-cache/-/lru-cache-6.0.0.tgz",
      "integrity": "sha512-Jo6dJ04CmSjuznwJSS3pUeWmd/H0ffTlkXXgwZi+eq1UCmqQwCh+eLsYOYCwY991i2Fah4h1BEMCx4qThGbsiA==",
      "requires": {
        "yallist": "^4.0.0"
      }
    },
    "object-hash": {
      "version": "2.2.0",
      "resolved": "https://registry.npmjs.org/object-hash/-/object-hash-2.2.0.tgz",
      "integrity": "sha512-gScRMn0bS5fH+IuwyIFgnh9zBdo4DV+6GhygmWM9HyNJSgS0hScp1f5vjtm7oIIOiT9trXrShAkLFSc2IqKNgw=="
    },
    "semver": {
      "version": "7.3.8",
      "resolved": "https://registry.npmjs.org/semver/-/semver-7.3.8.tgz",
      "integrity": "sha512-NB1ctGL5rlHrPJtFDVIVzTyQylMLu9N9VICA6HSFJo8MCGVTMW6gfpicwKmmK/dAjTOrqu5l63JJOpDSrAis3A==",
      "requires": {
        "lru-cache": "^6.0.0"
      }
    },
    "snyk-php-plugin": {
      "version": "1.9.4",
      "resolved": "https://registry.npmjs.org/snyk-php-plugin/-/snyk-php-plugin-1.9.4.tgz",
      "integrity": "sha512-kKXJ1tdX4TTCxP3srDu90xHocv07cSkhZ1TbnxnvMb5C6CWx1w/Cf/ORVVt4ELJop3w7+zqoW3rMDSBLNL13Ww==",
      "requires": {
        "@snyk/cli-interface": "^2.9.1",
        "@snyk/composer-lockfile-parser": "^1.4.1",
        "@snyk/dep-graph": "^1.22.0",
        "tslib": "1.14.1"
      }
    },
    "tslib": {
      "version": "1.14.1",
      "resolved": "https://registry.npmjs.org/tslib/-/tslib-1.14.1.tgz",
      "integrity": "sha512-Xni35NKzjgMrwevysHTCArtLDpPvye8zV/0E4EyYn43P7/7qvQwPh9BGkHewbMulVntbigmcT7rdX3BNo9wRJg=="
    },
    "yallist": {
      "version": "4.0.0",
      "resolved": "https://registry.npmjs.org/yallist/-/yallist-4.0.0.tgz",
      "integrity": "sha512-3wdGidZyq5PB084XLES5TpOSRA3wjXAlIWMhum2kRcv/41Sn2emQ0dycQW4uZXLejwKvg6EsvbdlVL+FYEct7A=="
    }
  }
}
